
Microsoft Visual Studio Solution File, Format Version 12.00
# Visual Studio Version 17
VisualStudioVersion = 17.13.35825.156 d17.13
MinimumVisualStudioVersion = 10.0.40219.1
Project("{8BC9CEB8-8B4A-11D0-8D11-00A0C91BC942}") = "1", "1\1.vcxproj", "{3C0076D4-3EDE-4C1D-BD3C-2D14C9C8C2C3}"
EndProject
Project("{8BC9CEB8-8B4A-11D0-8D11-00A0C91BC942}") = "2", "2\2.vcxproj", "{8E4A1D4F-46FF-49DB-9E75-85F71E750E82}"
EndProject
Global
	GlobalSection(SolutionConfigurationPlatforms) = preSolution
		Debug|x64 = Debug|x64
		Debug|x86 = Debug|x86
		Release|x64 = Release|x64
		Release|x86 = Release|x86
	EndGlobalSection
	GlobalSection(ProjectConfigurationPlatforms) = postSolution
		{3C0076D4-3EDE-4C1D-BD3C-2D14C9C8C2C3}.Debug|x64.ActiveCfg = Debug|x64
		{3C0076D4-3EDE-4C1D-BD3C-2D14C9C8C2C3}.Debug|x64.Build.0 = Debug|x64
		{3C0076D4-3EDE-4C1D-BD3C-2D14C9C8C2C3}.Debug|x86.ActiveCfg = Debug|Win32
		{3C0076D4-3EDE-4C1D-BD3C-2D14C9C8C2C3}.Debug|x86.Build.0 = Debug|Win32
		{3C0076D4-3EDE-4C1D-BD3C-2D14C9C8C2C3}.Release|x64.ActiveCfg = Release|x64
		{3C0076D4-3EDE-4C1D-BD3C-2D14C9C8C2C3}.Release|x64.Build.0 = Release|x64
		{3C0076D4-3EDE-4C1D-BD3C-2D14C9C8C2C3}.Release|x86.ActiveCfg = Release|Win32
		{3C0076D4-3EDE-4C1D-BD3C-2D14C9C8C2C3}.Release|x86.Build.0 = Release|Win32
		{8E4A1D4F-46FF-49DB-9E75-85F71E750E82}.Debug|x64.ActiveCfg = Debug|x64
		{8E4A1D4F-46FF-49DB-9E75-85F71E750E82}.Debug|x64.Build.0 = Debug|x64
		{8E4A1D4F-46FF-49DB-9E75-85F71E750E82}.Debug|x86.ActiveCfg = Debug|Win32
		{8E4A1D4F-46FF-49DB-9E75-85F71E750E82}.Debug|x86.Build.0 = Debug|Win32
		{8E4A1D4F-46FF-49DB-9E75-85F71E750E82}.Release|x64.ActiveCfg = Release|x64
		{8E4A1D4F-46FF-49DB-9E75-85F71E750E82}.Release|x64.Build.0 = Release|x64
		{8E4A1D4F-46FF-49DB-9E75-85F71E750E82}.Release|x86.ActiveCfg = Release|Win32
		{8E4A1D4F-46FF-49DB-9E75-85F71E750E82}.Release|x86.Build.0 = Release|Win32
	EndGlobalSection
	GlobalSection(SolutionProperties) = preSolution
		HideSolutionNode = FALSE
	EndGlobalSection
	GlobalSection(ExtensibilityGlobals) = postSolution
		SolutionGuid = {5CFDA133-1F30-4B3F-8F7F-A7A15A27FBE7}
	EndGlobalSection
EndGlobal
