
Microsoft Visual Studio Solution File, Format Version 12.00
# Visual Studio Version 17
VisualStudioVersion = 17.13.35825.156 d17.13
MinimumVisualStudioVersion = 10.0.40219.1
Project("{8BC9CEB8-8B4A-11D0-8D11-00A0C91BC942}") = "1", "1\1.vcxproj", "{354115E0-F1F5-4A12-98AD-D05AAC618DD5}"
EndProject
Project("{8BC9CEB8-8B4A-11D0-8D11-00A0C91BC942}") = "2", "2\2.vcxproj", "{39AEF843-88FF-40CB-BC2B-2F414866E138}"
EndProject
Project("{8BC9CEB8-8B4A-11D0-8D11-00A0C91BC942}") = "3", "3\3.vcxproj", "{15129515-5187-43BC-804F-C29BE7B6B0C9}"
EndProject
Global
	GlobalSection(SolutionConfigurationPlatforms) = preSolution
		Debug|x64 = Debug|x64
		Debug|x86 = Debug|x86
		Release|x64 = Release|x64
		Release|x86 = Release|x86
	EndGlobalSection
	GlobalSection(ProjectConfigurationPlatforms) = postSolution
		{354115E0-F1F5-4A12-98AD-D05AAC618DD5}.Debug|x64.ActiveCfg = Debug|x64
		{354115E0-F1F5-4A12-98AD-D05AAC618DD5}.Debug|x64.Build.0 = Debug|x64
		{354115E0-F1F5-4A12-98AD-D05AAC618DD5}.Debug|x86.ActiveCfg = Debug|Win32
		{354115E0-F1F5-4A12-98AD-D05AAC618DD5}.Debug|x86.Build.0 = Debug|Win32
		{354115E0-F1F5-4A12-98AD-D05AAC618DD5}.Release|x64.ActiveCfg = Release|x64
		{354115E0-F1F5-4A12-98AD-D05AAC618DD5}.Release|x64.Build.0 = Release|x64
		{354115E0-F1F5-4A12-98AD-D05AAC618DD5}.Release|x86.ActiveCfg = Release|Win32
		{354115E0-F1F5-4A12-98AD-D05AAC618DD5}.Release|x86.Build.0 = Release|Win32
		{39AEF843-88FF-40CB-BC2B-2F414866E138}.Debug|x64.ActiveCfg = Debug|x64
		{39AEF843-88FF-40CB-BC2B-2F414866E138}.Debug|x64.Build.0 = Debug|x64
		{39AEF843-88FF-40CB-BC2B-2F414866E138}.Debug|x86.ActiveCfg = Debug|Win32
		{39AEF843-88FF-40CB-BC2B-2F414866E138}.Debug|x86.Build.0 = Debug|Win32
		{39AEF843-88FF-40CB-BC2B-2F414866E138}.Release|x64.ActiveCfg = Release|x64
		{39AEF843-88FF-40CB-BC2B-2F414866E138}.Release|x64.Build.0 = Release|x64
		{39AEF843-88FF-40CB-BC2B-2F414866E138}.Release|x86.ActiveCfg = Release|Win32
		{39AEF843-88FF-40CB-BC2B-2F414866E138}.Release|x86.Build.0 = Release|Win32
		{15129515-5187-43BC-804F-C29BE7B6B0C9}.Debug|x64.ActiveCfg = Debug|x64
		{15129515-5187-43BC-804F-C29BE7B6B0C9}.Debug|x64.Build.0 = Debug|x64
		{15129515-5187-43BC-804F-C29BE7B6B0C9}.Debug|x86.ActiveCfg = Debug|Win32
		{15129515-5187-43BC-804F-C29BE7B6B0C9}.Debug|x86.Build.0 = Debug|Win32
		{15129515-5187-43BC-804F-C29BE7B6B0C9}.Release|x64.ActiveCfg = Release|x64
		{15129515-5187-43BC-804F-C29BE7B6B0C9}.Release|x64.Build.0 = Release|x64
		{15129515-5187-43BC-804F-C29BE7B6B0C9}.Release|x86.ActiveCfg = Release|Win32
		{15129515-5187-43BC-804F-C29BE7B6B0C9}.Release|x86.Build.0 = Release|Win32
	EndGlobalSection
	GlobalSection(SolutionProperties) = preSolution
		HideSolutionNode = FALSE
	EndGlobalSection
	GlobalSection(ExtensibilityGlobals) = postSolution
		SolutionGuid = {E52A4BD2-7FF9-48FA-B896-BDAA367CD574}
	EndGlobalSection
EndGlobal
