
Microsoft Visual Studio Solution File, Format Version 12.00
# Visual Studio Version 17
VisualStudioVersion = 17.13.35818.85
MinimumVisualStudioVersion = 10.0.40219.1
Project("{8BC9CEB8-8B4A-11D0-8D11-00A0C91BC942}") = "11-1", "11-1\11-1.vcxproj", "{732ED4D3-5C59-4D16-9BA6-0F9756395F20}"
EndProject
Project("{8BC9CEB8-8B4A-11D0-8D11-00A0C91BC942}") = "11-2", "11-2\11-2.vcxproj", "{FC7735DA-0BA5-4CAD-A2A6-1A9984A49754}"
EndProject
Project("{8BC9CEB8-8B4A-11D0-8D11-00A0C91BC942}") = "12-1", "12-1\12-1.vcxproj", "{FCD6D362-A3EF-409A-B250-193F7602547E}"
EndProject
Project("{8BC9CEB8-8B4A-11D0-8D11-00A0C91BC942}") = "12-2", "12-2\12-2.vcxproj", "{470844B8-2949-4279-8A44-B83EADD209D6}"
EndProject
Project("{8BC9CEB8-8B4A-11D0-8D11-00A0C91BC942}") = "12-3", "12-3\12-3.vcxproj", "{0181B369-FB67-4493-A750-38B791AD9A98}"
EndProject
Project("{8BC9CEB8-8B4A-11D0-8D11-00A0C91BC942}") = "13-3", "13_3\13_3.vcxproj", "{87CEB903-6872-4433-A923-1A9AE1031CFE}"
EndProject
Project("{8BC9CEB8-8B4A-11D0-8D11-00A0C91BC942}") = "13-1", "13-1\13-1.vcxproj", "{53BA4C14-9BC3-4C4D-AAD5-51C07D60DD97}"
EndProject
Project("{8BC9CEB8-8B4A-11D0-8D11-00A0C91BC942}") = "13-2", "13-2\13-2.vcxproj", "{D732F4D2-F56B-494C-9241-3DD13824F980}"
EndProject
Project("{8BC9CEB8-8B4A-11D0-8D11-00A0C91BC942}") = "14-1", "14-1\14-1.vcxproj", "{0B204993-42B2-4E2C-98AF-8132252B28F3}"
EndProject
Project("{8BC9CEB8-8B4A-11D0-8D11-00A0C91BC942}") = "14-2", "14-2\14-2.vcxproj", "{67578210-BF2F-438E-8C92-F5A54DB26E46}"
EndProject
Project("{8BC9CEB8-8B4A-11D0-8D11-00A0C91BC942}") = "14-3", "14-3\14-3.vcxproj", "{E7A0BC50-E1B5-4DD4-91B2-C82C17BF42FC}"
EndProject
Project("{8BC9CEB8-8B4A-11D0-8D11-00A0C91BC942}") = "15-1", "15-1\15-1.vcxproj", "{C110C077-3AD2-4474-8E46-84FC182AB6AE}"
EndProject
Project("{8BC9CEB8-8B4A-11D0-8D11-00A0C91BC942}") = "15-2", "15-2\15-2.vcxproj", "{82A99F90-F2C5-4957-9816-1CD29864E365}"
EndProject
Project("{8BC9CEB8-8B4A-11D0-8D11-00A0C91BC942}") = "16-1", "16-1\16-1.vcxproj", "{D340CA80-080D-4193-B572-8FB9DE445979}"
EndProject
Project("{8BC9CEB8-8B4A-11D0-8D11-00A0C91BC942}") = "16-2", "16-2\16-2.vcxproj", "{6E98D487-1F2E-4672-AA11-3D984E3BE7DA}"
EndProject
Project("{8BC9CEB8-8B4A-11D0-8D11-00A0C91BC942}") = "17-1", "17-1\17-1.vcxproj", "{C7B74B68-6F0D-4579-8CDA-F3CBDFD48B75}"
EndProject
Project("{8BC9CEB8-8B4A-11D0-8D11-00A0C91BC942}") = "17-2", "17-2\17-2.vcxproj", "{20426032-A9BF-48F1-B79B-A26EE3F7025A}"
EndProject
Project("{8BC9CEB8-8B4A-11D0-8D11-00A0C91BC942}") = "17-3", "17-3\17-3.vcxproj", "{7D25F2D2-4CF3-4C0A-8C5D-FCBC1EA40843}"
EndProject
Project("{8BC9CEB8-8B4A-11D0-8D11-00A0C91BC942}") = "18-1", "18-1\18-1.vcxproj", "{F584F5A5-E2DD-4144-A813-D5C421B3AB51}"
EndProject
Project("{8BC9CEB8-8B4A-11D0-8D11-00A0C91BC942}") = "18-2", "18-2\18-2.vcxproj", "{7F02DB72-45EE-41FB-906C-36E259AC47B1}"
EndProject
Project("{8BC9CEB8-8B4A-11D0-8D11-00A0C91BC942}") = "19-1", "19-1\19-1.vcxproj", "{E693F788-6728-4A36-BBDE-40AF2DC1DF29}"
EndProject
Project("{8BC9CEB8-8B4A-11D0-8D11-00A0C91BC942}") = "19-2", "19-2\19-2.vcxproj", "{AE553C85-CA08-469A-B0F5-62D6DA510857}"
EndProject
Project("{8BC9CEB8-8B4A-11D0-8D11-00A0C91BC942}") = "20-1", "20-1\20-1.vcxproj", "{9F125971-AEFF-486A-833A-B0AEF08DF825}"
EndProject
Project("{8BC9CEB8-8B4A-11D0-8D11-00A0C91BC942}") = "20-2", "20-2\20-2.vcxproj", "{B00EDF28-5718-4BD1-B1FE-E2CE11A94DB8}"
EndProject
Project("{8BC9CEB8-8B4A-11D0-8D11-00A0C91BC942}") = "20-3", "20-3\20-3.vcxproj", "{C59BCD12-FCBA-456C-BD7A-032AC50F87BF}"
EndProject
Project("{8BC9CEB8-8B4A-11D0-8D11-00A0C91BC942}") = "20-4", "20-4\20-4.vcxproj", "{0CC449B3-95E5-45E1-AE7D-97014DDF56B3}"
EndProject
Project("{8BC9CEB8-8B4A-11D0-8D11-00A0C91BC942}") = "21-1", "21-1\21-1.vcxproj", "{D9C8F7F2-CC7A-4BDC-BE52-62EC8EFC8C03}"
EndProject
Project("{8BC9CEB8-8B4A-11D0-8D11-00A0C91BC942}") = "22-1", "22-1\22-1.vcxproj", "{D83ADC40-FEFD-4B72-9C68-BD6E91A4B330}"
EndProject
Project("{8BC9CEB8-8B4A-11D0-8D11-00A0C91BC942}") = "22-2", "22-2\22-2.vcxproj", "{94B4349D-5988-4EF8-8D09-2E9EC71865FE}"
EndProject
Project("{8BC9CEB8-8B4A-11D0-8D11-00A0C91BC942}") = "22-3", "22-3\22-3.vcxproj", "{43EEDF2E-7196-4662-80AE-A35A4426EFE5}"
EndProject
Project("{8BC9CEB8-8B4A-11D0-8D11-00A0C91BC942}") = "test", "test\test.vcxproj", "{6D6A6E59-575E-4EAC-80AB-098707D0582C}"
EndProject
Global
	GlobalSection(SolutionConfigurationPlatforms) = preSolution
		Debug|x64 = Debug|x64
		Debug|x86 = Debug|x86
		Release|x64 = Release|x64
		Release|x86 = Release|x86
	EndGlobalSection
	GlobalSection(ProjectConfigurationPlatforms) = postSolution
		{732ED4D3-5C59-4D16-9BA6-0F9756395F20}.Debug|x64.ActiveCfg = Debug|x64
		{732ED4D3-5C59-4D16-9BA6-0F9756395F20}.Debug|x64.Build.0 = Debug|x64
		{732ED4D3-5C59-4D16-9BA6-0F9756395F20}.Debug|x86.ActiveCfg = Debug|Win32
		{732ED4D3-5C59-4D16-9BA6-0F9756395F20}.Debug|x86.Build.0 = Debug|Win32
		{732ED4D3-5C59-4D16-9BA6-0F9756395F20}.Release|x64.ActiveCfg = Release|x64
		{732ED4D3-5C59-4D16-9BA6-0F9756395F20}.Release|x64.Build.0 = Release|x64
		{732ED4D3-5C59-4D16-9BA6-0F9756395F20}.Release|x86.ActiveCfg = Release|Win32
		{732ED4D3-5C59-4D16-9BA6-0F9756395F20}.Release|x86.Build.0 = Release|Win32
		{FC7735DA-0BA5-4CAD-A2A6-1A9984A49754}.Debug|x64.ActiveCfg = Debug|x64
		{FC7735DA-0BA5-4CAD-A2A6-1A9984A49754}.Debug|x64.Build.0 = Debug|x64
		{FC7735DA-0BA5-4CAD-A2A6-1A9984A49754}.Debug|x86.ActiveCfg = Debug|Win32
		{FC7735DA-0BA5-4CAD-A2A6-1A9984A49754}.Debug|x86.Build.0 = Debug|Win32
		{FC7735DA-0BA5-4CAD-A2A6-1A9984A49754}.Release|x64.ActiveCfg = Release|x64
		{FC7735DA-0BA5-4CAD-A2A6-1A9984A49754}.Release|x64.Build.0 = Release|x64
		{FC7735DA-0BA5-4CAD-A2A6-1A9984A49754}.Release|x86.ActiveCfg = Release|Win32
		{FC7735DA-0BA5-4CAD-A2A6-1A9984A49754}.Release|x86.Build.0 = Release|Win32
		{FCD6D362-A3EF-409A-B250-193F7602547E}.Debug|x64.ActiveCfg = Debug|x64
		{FCD6D362-A3EF-409A-B250-193F7602547E}.Debug|x64.Build.0 = Debug|x64
		{FCD6D362-A3EF-409A-B250-193F7602547E}.Debug|x86.ActiveCfg = Debug|Win32
		{FCD6D362-A3EF-409A-B250-193F7602547E}.Debug|x86.Build.0 = Debug|Win32
		{FCD6D362-A3EF-409A-B250-193F7602547E}.Release|x64.ActiveCfg = Release|x64
		{FCD6D362-A3EF-409A-B250-193F7602547E}.Release|x64.Build.0 = Release|x64
		{FCD6D362-A3EF-409A-B250-193F7602547E}.Release|x86.ActiveCfg = Release|Win32
		{FCD6D362-A3EF-409A-B250-193F7602547E}.Release|x86.Build.0 = Release|Win32
		{470844B8-2949-4279-8A44-B83EADD209D6}.Debug|x64.ActiveCfg = Debug|x64
		{470844B8-2949-4279-8A44-B83EADD209D6}.Debug|x64.Build.0 = Debug|x64
		{470844B8-2949-4279-8A44-B83EADD209D6}.Debug|x86.ActiveCfg = Debug|Win32
		{470844B8-2949-4279-8A44-B83EADD209D6}.Debug|x86.Build.0 = Debug|Win32
		{470844B8-2949-4279-8A44-B83EADD209D6}.Release|x64.ActiveCfg = Release|x64
		{470844B8-2949-4279-8A44-B83EADD209D6}.Release|x64.Build.0 = Release|x64
		{470844B8-2949-4279-8A44-B83EADD209D6}.Release|x86.ActiveCfg = Release|Win32
		{470844B8-2949-4279-8A44-B83EADD209D6}.Release|x86.Build.0 = Release|Win32
		{0181B369-FB67-4493-A750-38B791AD9A98}.Debug|x64.ActiveCfg = Debug|x64
		{0181B369-FB67-4493-A750-38B791AD9A98}.Debug|x64.Build.0 = Debug|x64
		{0181B369-FB67-4493-A750-38B791AD9A98}.Debug|x86.ActiveCfg = Debug|Win32
		{0181B369-FB67-4493-A750-38B791AD9A98}.Debug|x86.Build.0 = Debug|Win32
		{0181B369-FB67-4493-A750-38B791AD9A98}.Release|x64.ActiveCfg = Release|x64
		{0181B369-FB67-4493-A750-38B791AD9A98}.Release|x64.Build.0 = Release|x64
		{0181B369-FB67-4493-A750-38B791AD9A98}.Release|x86.ActiveCfg = Release|Win32
		{0181B369-FB67-4493-A750-38B791AD9A98}.Release|x86.Build.0 = Release|Win32
		{87CEB903-6872-4433-A923-1A9AE1031CFE}.Debug|x64.ActiveCfg = Debug|x64
		{87CEB903-6872-4433-A923-1A9AE1031CFE}.Debug|x64.Build.0 = Debug|x64
		{87CEB903-6872-4433-A923-1A9AE1031CFE}.Debug|x86.ActiveCfg = Debug|Win32
		{87CEB903-6872-4433-A923-1A9AE1031CFE}.Debug|x86.Build.0 = Debug|Win32
		{87CEB903-6872-4433-A923-1A9AE1031CFE}.Release|x64.ActiveCfg = Release|x64
		{87CEB903-6872-4433-A923-1A9AE1031CFE}.Release|x64.Build.0 = Release|x64
		{87CEB903-6872-4433-A923-1A9AE1031CFE}.Release|x86.ActiveCfg = Release|Win32
		{87CEB903-6872-4433-A923-1A9AE1031CFE}.Release|x86.Build.0 = Release|Win32
		{53BA4C14-9BC3-4C4D-AAD5-51C07D60DD97}.Debug|x64.ActiveCfg = Debug|x64
		{53BA4C14-9BC3-4C4D-AAD5-51C07D60DD97}.Debug|x64.Build.0 = Debug|x64
		{53BA4C14-9BC3-4C4D-AAD5-51C07D60DD97}.Debug|x86.ActiveCfg = Debug|Win32
		{53BA4C14-9BC3-4C4D-AAD5-51C07D60DD97}.Debug|x86.Build.0 = Debug|Win32
		{53BA4C14-9BC3-4C4D-AAD5-51C07D60DD97}.Release|x64.ActiveCfg = Release|x64
		{53BA4C14-9BC3-4C4D-AAD5-51C07D60DD97}.Release|x64.Build.0 = Release|x64
		{53BA4C14-9BC3-4C4D-AAD5-51C07D60DD97}.Release|x86.ActiveCfg = Release|Win32
		{53BA4C14-9BC3-4C4D-AAD5-51C07D60DD97}.Release|x86.Build.0 = Release|Win32
		{D732F4D2-F56B-494C-9241-3DD13824F980}.Debug|x64.ActiveCfg = Debug|x64
		{D732F4D2-F56B-494C-9241-3DD13824F980}.Debug|x64.Build.0 = Debug|x64
		{D732F4D2-F56B-494C-9241-3DD13824F980}.Debug|x86.ActiveCfg = Debug|Win32
		{D732F4D2-F56B-494C-9241-3DD13824F980}.Debug|x86.Build.0 = Debug|Win32
		{D732F4D2-F56B-494C-9241-3DD13824F980}.Release|x64.ActiveCfg = Release|x64
		{D732F4D2-F56B-494C-9241-3DD13824F980}.Release|x64.Build.0 = Release|x64
		{D732F4D2-F56B-494C-9241-3DD13824F980}.Release|x86.ActiveCfg = Release|Win32
		{D732F4D2-F56B-494C-9241-3DD13824F980}.Release|x86.Build.0 = Release|Win32
		{0B204993-42B2-4E2C-98AF-8132252B28F3}.Debug|x64.ActiveCfg = Debug|x64
		{0B204993-42B2-4E2C-98AF-8132252B28F3}.Debug|x64.Build.0 = Debug|x64
		{0B204993-42B2-4E2C-98AF-8132252B28F3}.Debug|x86.ActiveCfg = Debug|Win32
		{0B204993-42B2-4E2C-98AF-8132252B28F3}.Debug|x86.Build.0 = Debug|Win32
		{0B204993-42B2-4E2C-98AF-8132252B28F3}.Release|x64.ActiveCfg = Release|x64
		{0B204993-42B2-4E2C-98AF-8132252B28F3}.Release|x64.Build.0 = Release|x64
		{0B204993-42B2-4E2C-98AF-8132252B28F3}.Release|x86.ActiveCfg = Release|Win32
		{0B204993-42B2-4E2C-98AF-8132252B28F3}.Release|x86.Build.0 = Release|Win32
		{67578210-BF2F-438E-8C92-F5A54DB26E46}.Debug|x64.ActiveCfg = Debug|x64
		{67578210-BF2F-438E-8C92-F5A54DB26E46}.Debug|x64.Build.0 = Debug|x64
		{67578210-BF2F-438E-8C92-F5A54DB26E46}.Debug|x86.ActiveCfg = Debug|Win32
		{67578210-BF2F-438E-8C92-F5A54DB26E46}.Debug|x86.Build.0 = Debug|Win32
		{67578210-BF2F-438E-8C92-F5A54DB26E46}.Release|x64.ActiveCfg = Release|x64
		{67578210-BF2F-438E-8C92-F5A54DB26E46}.Release|x64.Build.0 = Release|x64
		{67578210-BF2F-438E-8C92-F5A54DB26E46}.Release|x86.ActiveCfg = Release|Win32
		{67578210-BF2F-438E-8C92-F5A54DB26E46}.Release|x86.Build.0 = Release|Win32
		{E7A0BC50-E1B5-4DD4-91B2-C82C17BF42FC}.Debug|x64.ActiveCfg = Debug|x64
		{E7A0BC50-E1B5-4DD4-91B2-C82C17BF42FC}.Debug|x64.Build.0 = Debug|x64
		{E7A0BC50-E1B5-4DD4-91B2-C82C17BF42FC}.Debug|x86.ActiveCfg = Debug|Win32
		{E7A0BC50-E1B5-4DD4-91B2-C82C17BF42FC}.Debug|x86.Build.0 = Debug|Win32
		{E7A0BC50-E1B5-4DD4-91B2-C82C17BF42FC}.Release|x64.ActiveCfg = Release|x64
		{E7A0BC50-E1B5-4DD4-91B2-C82C17BF42FC}.Release|x64.Build.0 = Release|x64
		{E7A0BC50-E1B5-4DD4-91B2-C82C17BF42FC}.Release|x86.ActiveCfg = Release|Win32
		{E7A0BC50-E1B5-4DD4-91B2-C82C17BF42FC}.Release|x86.Build.0 = Release|Win32
		{C110C077-3AD2-4474-8E46-84FC182AB6AE}.Debug|x64.ActiveCfg = Debug|x64
		{C110C077-3AD2-4474-8E46-84FC182AB6AE}.Debug|x64.Build.0 = Debug|x64
		{C110C077-3AD2-4474-8E46-84FC182AB6AE}.Debug|x86.ActiveCfg = Debug|Win32
		{C110C077-3AD2-4474-8E46-84FC182AB6AE}.Debug|x86.Build.0 = Debug|Win32
		{C110C077-3AD2-4474-8E46-84FC182AB6AE}.Release|x64.ActiveCfg = Release|x64
		{C110C077-3AD2-4474-8E46-84FC182AB6AE}.Release|x64.Build.0 = Release|x64
		{C110C077-3AD2-4474-8E46-84FC182AB6AE}.Release|x86.ActiveCfg = Release|Win32
		{C110C077-3AD2-4474-8E46-84FC182AB6AE}.Release|x86.Build.0 = Release|Win32
		{82A99F90-F2C5-4957-9816-1CD29864E365}.Debug|x64.ActiveCfg = Debug|x64
		{82A99F90-F2C5-4957-9816-1CD29864E365}.Debug|x64.Build.0 = Debug|x64
		{82A99F90-F2C5-4957-9816-1CD29864E365}.Debug|x86.ActiveCfg = Debug|Win32
		{82A99F90-F2C5-4957-9816-1CD29864E365}.Debug|x86.Build.0 = Debug|Win32
		{82A99F90-F2C5-4957-9816-1CD29864E365}.Release|x64.ActiveCfg = Release|x64
		{82A99F90-F2C5-4957-9816-1CD29864E365}.Release|x64.Build.0 = Release|x64
		{82A99F90-F2C5-4957-9816-1CD29864E365}.Release|x86.ActiveCfg = Release|Win32
		{82A99F90-F2C5-4957-9816-1CD29864E365}.Release|x86.Build.0 = Release|Win32
		{D340CA80-080D-4193-B572-8FB9DE445979}.Debug|x64.ActiveCfg = Debug|x64
		{D340CA80-080D-4193-B572-8FB9DE445979}.Debug|x64.Build.0 = Debug|x64
		{D340CA80-080D-4193-B572-8FB9DE445979}.Debug|x86.ActiveCfg = Debug|Win32
		{D340CA80-080D-4193-B572-8FB9DE445979}.Debug|x86.Build.0 = Debug|Win32
		{D340CA80-080D-4193-B572-8FB9DE445979}.Release|x64.ActiveCfg = Release|x64
		{D340CA80-080D-4193-B572-8FB9DE445979}.Release|x64.Build.0 = Release|x64
		{D340CA80-080D-4193-B572-8FB9DE445979}.Release|x86.ActiveCfg = Release|Win32
		{D340CA80-080D-4193-B572-8FB9DE445979}.Release|x86.Build.0 = Release|Win32
		{6E98D487-1F2E-4672-AA11-3D984E3BE7DA}.Debug|x64.ActiveCfg = Debug|x64
		{6E98D487-1F2E-4672-AA11-3D984E3BE7DA}.Debug|x64.Build.0 = Debug|x64
		{6E98D487-1F2E-4672-AA11-3D984E3BE7DA}.Debug|x86.ActiveCfg = Debug|Win32
		{6E98D487-1F2E-4672-AA11-3D984E3BE7DA}.Debug|x86.Build.0 = Debug|Win32
		{6E98D487-1F2E-4672-AA11-3D984E3BE7DA}.Release|x64.ActiveCfg = Release|x64
		{6E98D487-1F2E-4672-AA11-3D984E3BE7DA}.Release|x64.Build.0 = Release|x64
		{6E98D487-1F2E-4672-AA11-3D984E3BE7DA}.Release|x86.ActiveCfg = Release|Win32
		{6E98D487-1F2E-4672-AA11-3D984E3BE7DA}.Release|x86.Build.0 = Release|Win32
		{C7B74B68-6F0D-4579-8CDA-F3CBDFD48B75}.Debug|x64.ActiveCfg = Debug|x64
		{C7B74B68-6F0D-4579-8CDA-F3CBDFD48B75}.Debug|x64.Build.0 = Debug|x64
		{C7B74B68-6F0D-4579-8CDA-F3CBDFD48B75}.Debug|x86.ActiveCfg = Debug|Win32
		{C7B74B68-6F0D-4579-8CDA-F3CBDFD48B75}.Debug|x86.Build.0 = Debug|Win32
		{C7B74B68-6F0D-4579-8CDA-F3CBDFD48B75}.Release|x64.ActiveCfg = Release|x64
		{C7B74B68-6F0D-4579-8CDA-F3CBDFD48B75}.Release|x64.Build.0 = Release|x64
		{C7B74B68-6F0D-4579-8CDA-F3CBDFD48B75}.Release|x86.ActiveCfg = Release|Win32
		{C7B74B68-6F0D-4579-8CDA-F3CBDFD48B75}.Release|x86.Build.0 = Release|Win32
		{20426032-A9BF-48F1-B79B-A26EE3F7025A}.Debug|x64.ActiveCfg = Debug|x64
		{20426032-A9BF-48F1-B79B-A26EE3F7025A}.Debug|x64.Build.0 = Debug|x64
		{20426032-A9BF-48F1-B79B-A26EE3F7025A}.Debug|x86.ActiveCfg = Debug|Win32
		{20426032-A9BF-48F1-B79B-A26EE3F7025A}.Debug|x86.Build.0 = Debug|Win32
		{20426032-A9BF-48F1-B79B-A26EE3F7025A}.Release|x64.ActiveCfg = Release|x64
		{20426032-A9BF-48F1-B79B-A26EE3F7025A}.Release|x64.Build.0 = Release|x64
		{20426032-A9BF-48F1-B79B-A26EE3F7025A}.Release|x86.ActiveCfg = Release|Win32
		{20426032-A9BF-48F1-B79B-A26EE3F7025A}.Release|x86.Build.0 = Release|Win32
		{7D25F2D2-4CF3-4C0A-8C5D-FCBC1EA40843}.Debug|x64.ActiveCfg = Debug|x64
		{7D25F2D2-4CF3-4C0A-8C5D-FCBC1EA40843}.Debug|x64.Build.0 = Debug|x64
		{7D25F2D2-4CF3-4C0A-8C5D-FCBC1EA40843}.Debug|x86.ActiveCfg = Debug|Win32
		{7D25F2D2-4CF3-4C0A-8C5D-FCBC1EA40843}.Debug|x86.Build.0 = Debug|Win32
		{7D25F2D2-4CF3-4C0A-8C5D-FCBC1EA40843}.Release|x64.ActiveCfg = Release|x64
		{7D25F2D2-4CF3-4C0A-8C5D-FCBC1EA40843}.Release|x64.Build.0 = Release|x64
		{7D25F2D2-4CF3-4C0A-8C5D-FCBC1EA40843}.Release|x86.ActiveCfg = Release|Win32
		{7D25F2D2-4CF3-4C0A-8C5D-FCBC1EA40843}.Release|x86.Build.0 = Release|Win32
		{F584F5A5-E2DD-4144-A813-D5C421B3AB51}.Debug|x64.ActiveCfg = Debug|x64
		{F584F5A5-E2DD-4144-A813-D5C421B3AB51}.Debug|x64.Build.0 = Debug|x64
		{F584F5A5-E2DD-4144-A813-D5C421B3AB51}.Debug|x86.ActiveCfg = Debug|Win32
		{F584F5A5-E2DD-4144-A813-D5C421B3AB51}.Debug|x86.Build.0 = Debug|Win32
		{F584F5A5-E2DD-4144-A813-D5C421B3AB51}.Release|x64.ActiveCfg = Release|x64
		{F584F5A5-E2DD-4144-A813-D5C421B3AB51}.Release|x64.Build.0 = Release|x64
		{F584F5A5-E2DD-4144-A813-D5C421B3AB51}.Release|x86.ActiveCfg = Release|Win32
		{F584F5A5-E2DD-4144-A813-D5C421B3AB51}.Release|x86.Build.0 = Release|Win32
		{7F02DB72-45EE-41FB-906C-36E259AC47B1}.Debug|x64.ActiveCfg = Debug|x64
		{7F02DB72-45EE-41FB-906C-36E259AC47B1}.Debug|x64.Build.0 = Debug|x64
		{7F02DB72-45EE-41FB-906C-36E259AC47B1}.Debug|x86.ActiveCfg = Debug|Win32
		{7F02DB72-45EE-41FB-906C-36E259AC47B1}.Debug|x86.Build.0 = Debug|Win32
		{7F02DB72-45EE-41FB-906C-36E259AC47B1}.Release|x64.ActiveCfg = Release|x64
		{7F02DB72-45EE-41FB-906C-36E259AC47B1}.Release|x64.Build.0 = Release|x64
		{7F02DB72-45EE-41FB-906C-36E259AC47B1}.Release|x86.ActiveCfg = Release|Win32
		{7F02DB72-45EE-41FB-906C-36E259AC47B1}.Release|x86.Build.0 = Release|Win32
		{E693F788-6728-4A36-BBDE-40AF2DC1DF29}.Debug|x64.ActiveCfg = Debug|x64
		{E693F788-6728-4A36-BBDE-40AF2DC1DF29}.Debug|x64.Build.0 = Debug|x64
		{E693F788-6728-4A36-BBDE-40AF2DC1DF29}.Debug|x86.ActiveCfg = Debug|Win32
		{E693F788-6728-4A36-BBDE-40AF2DC1DF29}.Debug|x86.Build.0 = Debug|Win32
		{E693F788-6728-4A36-BBDE-40AF2DC1DF29}.Release|x64.ActiveCfg = Release|x64
		{E693F788-6728-4A36-BBDE-40AF2DC1DF29}.Release|x64.Build.0 = Release|x64
		{E693F788-6728-4A36-BBDE-40AF2DC1DF29}.Release|x86.ActiveCfg = Release|Win32
		{E693F788-6728-4A36-BBDE-40AF2DC1DF29}.Release|x86.Build.0 = Release|Win32
		{AE553C85-CA08-469A-B0F5-62D6DA510857}.Debug|x64.ActiveCfg = Debug|x64
		{AE553C85-CA08-469A-B0F5-62D6DA510857}.Debug|x64.Build.0 = Debug|x64
		{AE553C85-CA08-469A-B0F5-62D6DA510857}.Debug|x86.ActiveCfg = Debug|Win32
		{AE553C85-CA08-469A-B0F5-62D6DA510857}.Debug|x86.Build.0 = Debug|Win32
		{AE553C85-CA08-469A-B0F5-62D6DA510857}.Release|x64.ActiveCfg = Release|x64
		{AE553C85-CA08-469A-B0F5-62D6DA510857}.Release|x64.Build.0 = Release|x64
		{AE553C85-CA08-469A-B0F5-62D6DA510857}.Release|x86.ActiveCfg = Release|Win32
		{AE553C85-CA08-469A-B0F5-62D6DA510857}.Release|x86.Build.0 = Release|Win32
		{9F125971-AEFF-486A-833A-B0AEF08DF825}.Debug|x64.ActiveCfg = Debug|x64
		{9F125971-AEFF-486A-833A-B0AEF08DF825}.Debug|x64.Build.0 = Debug|x64
		{9F125971-AEFF-486A-833A-B0AEF08DF825}.Debug|x86.ActiveCfg = Debug|Win32
		{9F125971-AEFF-486A-833A-B0AEF08DF825}.Debug|x86.Build.0 = Debug|Win32
		{9F125971-AEFF-486A-833A-B0AEF08DF825}.Release|x64.ActiveCfg = Release|x64
		{9F125971-AEFF-486A-833A-B0AEF08DF825}.Release|x64.Build.0 = Release|x64
		{9F125971-AEFF-486A-833A-B0AEF08DF825}.Release|x86.ActiveCfg = Release|Win32
		{9F125971-AEFF-486A-833A-B0AEF08DF825}.Release|x86.Build.0 = Release|Win32
		{B00EDF28-5718-4BD1-B1FE-E2CE11A94DB8}.Debug|x64.ActiveCfg = Debug|x64
		{B00EDF28-5718-4BD1-B1FE-E2CE11A94DB8}.Debug|x64.Build.0 = Debug|x64
		{B00EDF28-5718-4BD1-B1FE-E2CE11A94DB8}.Debug|x86.ActiveCfg = Debug|Win32
		{B00EDF28-5718-4BD1-B1FE-E2CE11A94DB8}.Debug|x86.Build.0 = Debug|Win32
		{B00EDF28-5718-4BD1-B1FE-E2CE11A94DB8}.Release|x64.ActiveCfg = Release|x64
		{B00EDF28-5718-4BD1-B1FE-E2CE11A94DB8}.Release|x64.Build.0 = Release|x64
		{B00EDF28-5718-4BD1-B1FE-E2CE11A94DB8}.Release|x86.ActiveCfg = Release|Win32
		{B00EDF28-5718-4BD1-B1FE-E2CE11A94DB8}.Release|x86.Build.0 = Release|Win32
		{C59BCD12-FCBA-456C-BD7A-032AC50F87BF}.Debug|x64.ActiveCfg = Debug|x64
		{C59BCD12-FCBA-456C-BD7A-032AC50F87BF}.Debug|x64.Build.0 = Debug|x64
		{C59BCD12-FCBA-456C-BD7A-032AC50F87BF}.Debug|x86.ActiveCfg = Debug|Win32
		{C59BCD12-FCBA-456C-BD7A-032AC50F87BF}.Debug|x86.Build.0 = Debug|Win32
		{C59BCD12-FCBA-456C-BD7A-032AC50F87BF}.Release|x64.ActiveCfg = Release|x64
		{C59BCD12-FCBA-456C-BD7A-032AC50F87BF}.Release|x64.Build.0 = Release|x64
		{C59BCD12-FCBA-456C-BD7A-032AC50F87BF}.Release|x86.ActiveCfg = Release|Win32
		{C59BCD12-FCBA-456C-BD7A-032AC50F87BF}.Release|x86.Build.0 = Release|Win32
		{0CC449B3-95E5-45E1-AE7D-97014DDF56B3}.Debug|x64.ActiveCfg = Debug|x64
		{0CC449B3-95E5-45E1-AE7D-97014DDF56B3}.Debug|x64.Build.0 = Debug|x64
		{0CC449B3-95E5-45E1-AE7D-97014DDF56B3}.Debug|x86.ActiveCfg = Debug|Win32
		{0CC449B3-95E5-45E1-AE7D-97014DDF56B3}.Debug|x86.Build.0 = Debug|Win32
		{0CC449B3-95E5-45E1-AE7D-97014DDF56B3}.Release|x64.ActiveCfg = Release|x64
		{0CC449B3-95E5-45E1-AE7D-97014DDF56B3}.Release|x64.Build.0 = Release|x64
		{0CC449B3-95E5-45E1-AE7D-97014DDF56B3}.Release|x86.ActiveCfg = Release|Win32
		{0CC449B3-95E5-45E1-AE7D-97014DDF56B3}.Release|x86.Build.0 = Release|Win32
		{D9C8F7F2-CC7A-4BDC-BE52-62EC8EFC8C03}.Debug|x64.ActiveCfg = Debug|x64
		{D9C8F7F2-CC7A-4BDC-BE52-62EC8EFC8C03}.Debug|x64.Build.0 = Debug|x64
		{D9C8F7F2-CC7A-4BDC-BE52-62EC8EFC8C03}.Debug|x86.ActiveCfg = Debug|Win32
		{D9C8F7F2-CC7A-4BDC-BE52-62EC8EFC8C03}.Debug|x86.Build.0 = Debug|Win32
		{D9C8F7F2-CC7A-4BDC-BE52-62EC8EFC8C03}.Release|x64.ActiveCfg = Release|x64
		{D9C8F7F2-CC7A-4BDC-BE52-62EC8EFC8C03}.Release|x64.Build.0 = Release|x64
		{D9C8F7F2-CC7A-4BDC-BE52-62EC8EFC8C03}.Release|x86.ActiveCfg = Release|Win32
		{D9C8F7F2-CC7A-4BDC-BE52-62EC8EFC8C03}.Release|x86.Build.0 = Release|Win32
		{D83ADC40-FEFD-4B72-9C68-BD6E91A4B330}.Debug|x64.ActiveCfg = Debug|x64
		{D83ADC40-FEFD-4B72-9C68-BD6E91A4B330}.Debug|x64.Build.0 = Debug|x64
		{D83ADC40-FEFD-4B72-9C68-BD6E91A4B330}.Debug|x86.ActiveCfg = Debug|Win32
		{D83ADC40-FEFD-4B72-9C68-BD6E91A4B330}.Debug|x86.Build.0 = Debug|Win32
		{D83ADC40-FEFD-4B72-9C68-BD6E91A4B330}.Release|x64.ActiveCfg = Release|x64
		{D83ADC40-FEFD-4B72-9C68-BD6E91A4B330}.Release|x64.Build.0 = Release|x64
		{D83ADC40-FEFD-4B72-9C68-BD6E91A4B330}.Release|x86.ActiveCfg = Release|Win32
		{D83ADC40-FEFD-4B72-9C68-BD6E91A4B330}.Release|x86.Build.0 = Release|Win32
		{94B4349D-5988-4EF8-8D09-2E9EC71865FE}.Debug|x64.ActiveCfg = Debug|x64
		{94B4349D-5988-4EF8-8D09-2E9EC71865FE}.Debug|x64.Build.0 = Debug|x64
		{94B4349D-5988-4EF8-8D09-2E9EC71865FE}.Debug|x86.ActiveCfg = Debug|Win32
		{94B4349D-5988-4EF8-8D09-2E9EC71865FE}.Debug|x86.Build.0 = Debug|Win32
		{94B4349D-5988-4EF8-8D09-2E9EC71865FE}.Release|x64.ActiveCfg = Release|x64
		{94B4349D-5988-4EF8-8D09-2E9EC71865FE}.Release|x64.Build.0 = Release|x64
		{94B4349D-5988-4EF8-8D09-2E9EC71865FE}.Release|x86.ActiveCfg = Release|Win32
		{94B4349D-5988-4EF8-8D09-2E9EC71865FE}.Release|x86.Build.0 = Release|Win32
		{43EEDF2E-7196-4662-80AE-A35A4426EFE5}.Debug|x64.ActiveCfg = Debug|x64
		{43EEDF2E-7196-4662-80AE-A35A4426EFE5}.Debug|x64.Build.0 = Debug|x64
		{43EEDF2E-7196-4662-80AE-A35A4426EFE5}.Debug|x86.ActiveCfg = Debug|Win32
		{43EEDF2E-7196-4662-80AE-A35A4426EFE5}.Debug|x86.Build.0 = Debug|Win32
		{43EEDF2E-7196-4662-80AE-A35A4426EFE5}.Release|x64.ActiveCfg = Release|x64
		{43EEDF2E-7196-4662-80AE-A35A4426EFE5}.Release|x64.Build.0 = Release|x64
		{43EEDF2E-7196-4662-80AE-A35A4426EFE5}.Release|x86.ActiveCfg = Release|Win32
		{43EEDF2E-7196-4662-80AE-A35A4426EFE5}.Release|x86.Build.0 = Release|Win32
		{6D6A6E59-575E-4EAC-80AB-098707D0582C}.Debug|x64.ActiveCfg = Debug|x64
		{6D6A6E59-575E-4EAC-80AB-098707D0582C}.Debug|x64.Build.0 = Debug|x64
		{6D6A6E59-575E-4EAC-80AB-098707D0582C}.Debug|x86.ActiveCfg = Debug|Win32
		{6D6A6E59-575E-4EAC-80AB-098707D0582C}.Debug|x86.Build.0 = Debug|Win32
		{6D6A6E59-575E-4EAC-80AB-098707D0582C}.Release|x64.ActiveCfg = Release|x64
		{6D6A6E59-575E-4EAC-80AB-098707D0582C}.Release|x64.Build.0 = Release|x64
		{6D6A6E59-575E-4EAC-80AB-098707D0582C}.Release|x86.ActiveCfg = Release|Win32
		{6D6A6E59-575E-4EAC-80AB-098707D0582C}.Release|x86.Build.0 = Release|Win32
	EndGlobalSection
	GlobalSection(SolutionProperties) = preSolution
		HideSolutionNode = FALSE
	EndGlobalSection
	GlobalSection(ExtensibilityGlobals) = postSolution
		SolutionGuid = {6529307A-F777-4049-877F-E024AF838DA2}
	EndGlobalSection
EndGlobal
